PODS:
  - RxCocoa (4.3.0):
    - RxSwift (~> 4.0)
  - RxSwift (4.3.0)
  - RxSwiftExt (3.3.0):
    - RxSwiftExt/Core (= 3.3.0)
  - RxSwiftExt/Core (3.3.0):
    - RxSwift (~> 4.0)

DEPENDENCIES:
  - RxCocoa
  - RxSwift
  - RxSwiftExt

SPEC REPOS:
  https://github.com/cocoapods/specs.git:
    - RxCocoa
    - RxSwift
    - RxSwiftExt

SPEC CHECKSUMS:
  RxCocoa: 71b9cce833fbcb89a8eec11816dd225830c2bd3c
  RxSwift: a9717a34df3179fe63563f76e046ad345078dd3a
  RxSwiftExt: 81afb48ab0602f503147417baeb3989d64c7687d

PODFILE CHECKSUM: 5355950ddbdb755bae1326762a569d50edc1880c

COCOAPODS: 1.5.3
