// !$*UTF8*$!
{
	archiveVersion = 1;
	classes = {
	};
	objectVersion = 52;
	objects = {

/* Begin PBXBuildFile section */
		72584B7F2470D6DA008A5313 /* EarthquakeDetailViewController.storyboard in Resources */ = {isa = PBXBuildFile; fileRef = 72584B7B2470D6DA008A5313 /* EarthquakeDetailViewController.storyboard */; };
		72584B802470D6DA008A5313 /* EarthquakeDetailLogic.swift in Sources */ = {isa = PBXBuildFile; fileRef = 72584B7C2470D6DA008A5313 /* EarthquakeDetailLogic.swift */; };
		72584B812470D6DA008A5313 /* EarthquakeDetailViewController.swift in Sources */ = {isa = PBXBuildFile; fileRef = 72584B7D2470D6DA008A5313 /* EarthquakeDetailViewController.swift */; };
		72584B822470D6DA008A5313 /* EarthquakeDetailBinder.swift in Sources */ = {isa = PBXBuildFile; fileRef = 72584B7E2470D6DA008A5313 /* EarthquakeDetailBinder.swift */; };
		72584B842470DA42008A5313 /* Earthquake.swift in Sources */ = {isa = PBXBuildFile; fileRef = 72584B832470DA42008A5313 /* Earthquake.swift */; };
		72584BA52471B249008A5313 /* RxCLLocationManagerDelegateProxy.swift in Sources */ = {isa = PBXBuildFile; fileRef = 72584BA32471B249008A5313 /* RxCLLocationManagerDelegateProxy.swift */; };
		72584BA62471B249008A5313 /* CLLocationManager+Rx.swift in Sources */ = {isa = PBXBuildFile; fileRef = 72584BA42471B249008A5313 /* CLLocationManager+Rx.swift */; };
		72808F4A259F6CD400817D4C /* RxHelpers.swift in Sources */ = {isa = PBXBuildFile; fileRef = 72808F3F259F6CD400817D4C /* RxHelpers.swift */; };
		72808F4B259F6CD400817D4C /* AlertConnections.swift in Sources */ = {isa = PBXBuildFile; fileRef = 72808F40259F6CD400817D4C /* AlertConnections.swift */; };
		72808F4D259F6CD400817D4C /* ActivityIndicator.swift in Sources */ = {isa = PBXBuildFile; fileRef = 72808F42259F6CD400817D4C /* ActivityIndicator.swift */; };
		72808F4F259F6CD400817D4C /* UIColor+Extensions.swift in Sources */ = {isa = PBXBuildFile; fileRef = 72808F44259F6CD400817D4C /* UIColor+Extensions.swift */; };
		72808F50259F6CD400817D4C /* Scene.swift in Sources */ = {isa = PBXBuildFile; fileRef = 72808F45259F6CD400817D4C /* Scene.swift */; };
		72808F51259F6CD400817D4C /* Stage.swift in Sources */ = {isa = PBXBuildFile; fileRef = 72808F46259F6CD400817D4C /* Stage.swift */; };
		72808F52259F6CD400817D4C /* UIViewController+Rx.swift in Sources */ = {isa = PBXBuildFile; fileRef = 72808F47259F6CD400817D4C /* UIViewController+Rx.swift */; };
		72808F53259F6CD400817D4C /* UISplitViewController+Rx.swift in Sources */ = {isa = PBXBuildFile; fileRef = 72808F48259F6CD400817D4C /* UISplitViewController+Rx.swift */; };
		728951E6259F6E2400D100C6 /* ErrorRouter.swift in Sources */ = {isa = PBXBuildFile; fileRef = 728951E5259F6E2400D100C6 /* ErrorRouter.swift */; };
		72BAC3D92403518D00D70666 /* RxSwift in Frameworks */ = {isa = PBXBuildFile; productRef = 72BAC3D82403518D00D70666 /* RxSwift */; };
		72BAC3DB2403518D00D70666 /* RxTest in Frameworks */ = {isa = PBXBuildFile; productRef = 72BAC3DA2403518D00D70666 /* RxTest */; };
		72BAC3DD2403518D00D70666 /* RxRelay in Frameworks */ = {isa = PBXBuildFile; productRef = 72BAC3DC2403518D00D70666 /* RxRelay */; };
		72BAC3DF2403518D00D70666 /* RxCocoa in Frameworks */ = {isa = PBXBuildFile; productRef = 72BAC3DE2403518D00D70666 /* RxCocoa */; };
		72BCFA95246E216900D51E93 /* SplitBinder.swift in Sources */ = {isa = PBXBuildFile; fileRef = 72BCFA91246E216900D51E93 /* SplitBinder.swift */; };
		72BCFA9B246E221400D51E93 /* EarthquakeListViewController.storyboard in Resources */ = {isa = PBXBuildFile; fileRef = 72BCFA97246E221400D51E93 /* EarthquakeListViewController.storyboard */; };
		72BCFA9C246E221400D51E93 /* EarthquakeListLogic.swift in Sources */ = {isa = PBXBuildFile; fileRef = 72BCFA98246E221400D51E93 /* EarthquakeListLogic.swift */; };
		72BCFA9D246E221400D51E93 /* EarthquakeListViewController.swift in Sources */ = {isa = PBXBuildFile; fileRef = 72BCFA99246E221400D51E93 /* EarthquakeListViewController.swift */; };
		72BCFA9E246E221400D51E93 /* EarthquakeListBinder.swift in Sources */ = {isa = PBXBuildFile; fileRef = 72BCFA9A246E221400D51E93 /* EarthquakeListBinder.swift */; };
		72CC69132402F640002FA702 /* AppDelegate.swift in Sources */ = {isa = PBXBuildFile; fileRef = 72CC69122402F640002FA702 /* AppDelegate.swift */; };
		72CC691E2402F647002FA702 /* Assets.xcassets in Resources */ = {isa = PBXBuildFile; fileRef = 72CC691D2402F647002FA702 /* Assets.xcassets */; };
		72CC69212402F647002FA702 /* LaunchScreen.storyboard in Resources */ = {isa = PBXBuildFile; fileRef = 72CC691F2402F647002FA702 /* LaunchScreen.storyboard */; };
		72CC692C2402F648002FA702 /* RxEarthquakeTests.swift in Sources */ = {isa = PBXBuildFile; fileRef = 72CC692B2402F648002FA702 /* RxEarthquakeTests.swift */; };
/* End PBXBuildFile section */

/* Begin PBXContainerItemProxy section */
		72CC69282402F648002FA702 /* PBXContainerItemProxy */ = {
			isa = PBXContainerItemProxy;
			containerPortal = 72CC69072402F640002FA702 /* Project object */;
			proxyType = 1;
			remoteGlobalIDString = 72CC690E2402F640002FA702;
			remoteInfo = RxEarthquake;
		};
/* End PBXContainerItemProxy section */

/* Begin PBXFileReference section */
		72584B7B2470D6DA008A5313 /* EarthquakeDetailViewController.storyboard */ = {isa = PBXFileReference; lastKnownFileType = file.storyboard; path = EarthquakeDetailViewController.storyboard; sourceTree = "<group>"; };
		72584B7C2470D6DA008A5313 /* EarthquakeDetailLogic.swift */ = {isa = PBXFileReference; lastKnownFileType = sourcecode.swift; path = EarthquakeDetailLogic.swift; sourceTree = "<group>"; };
		72584B7D2470D6DA008A5313 /* EarthquakeDetailViewController.swift */ = {isa = PBXFileReference; lastKnownFileType = sourcecode.swift; path = EarthquakeDetailViewController.swift; sourceTree = "<group>"; };
		72584B7E2470D6DA008A5313 /* EarthquakeDetailBinder.swift */ = {isa = PBXFileReference; lastKnownFileType = sourcecode.swift; path = EarthquakeDetailBinder.swift; sourceTree = "<group>"; };
		72584B832470DA42008A5313 /* Earthquake.swift */ = {isa = PBXFileReference; fileEncoding = 4; lastKnownFileType = sourcecode.swift; path = Earthquake.swift; sourceTree = "<group>"; };
		72584BA32471B249008A5313 /* RxCLLocationManagerDelegateProxy.swift */ = {isa = PBXFileReference; fileEncoding = 4; lastKnownFileType = sourcecode.swift; path = RxCLLocationManagerDelegateProxy.swift; sourceTree = "<group>"; };
		72584BA42471B249008A5313 /* CLLocationManager+Rx.swift */ = {isa = PBXFileReference; fileEncoding = 4; lastKnownFileType = sourcecode.swift; path = "CLLocationManager+Rx.swift"; sourceTree = "<group>"; };
		72808F3E259F6CD400817D4C /* RxCLLocationManagerDelegateProxy.swift */ = {isa = PBXFileReference; fileEncoding = 4; lastKnownFileType = sourcecode.swift; path = RxCLLocationManagerDelegateProxy.swift; sourceTree = "<group>"; };
		72808F3F259F6CD400817D4C /* RxHelpers.swift */ = {isa = PBXFileReference; fileEncoding = 4; lastKnownFileType = sourcecode.swift; path = RxHelpers.swift; sourceTree = "<group>"; };
		72808F40259F6CD400817D4C /* AlertConnections.swift */ = {isa = PBXFileReference; fileEncoding = 4; lastKnownFileType = sourcecode.swift; path = AlertConnections.swift; sourceTree = "<group>"; };
		72808F41259F6CD400817D4C /* CLLocationManager+Rx.swift */ = {isa = PBXFileReference; fileEncoding = 4; lastKnownFileType = sourcecode.swift; path = "CLLocationManager+Rx.swift"; sourceTree = "<group>"; };
		72808F42259F6CD400817D4C /* ActivityIndicator.swift */ = {isa = PBXFileReference; fileEncoding = 4; lastKnownFileType = sourcecode.swift; path = ActivityIndicator.swift; sourceTree = "<group>"; };
		72808F43259F6CD400817D4C /* ErrorRouter.swift */ = {isa = PBXFileReference; fileEncoding = 4; lastKnownFileType = sourcecode.swift; path = ErrorRouter.swift; sourceTree = "<group>"; };
		72808F44259F6CD400817D4C /* UIColor+Extensions.swift */ = {isa = PBXFileReference; fileEncoding = 4; lastKnownFileType = sourcecode.swift; path = "UIColor+Extensions.swift"; sourceTree = "<group>"; };
		72808F45259F6CD400817D4C /* Scene.swift */ = {isa = PBXFileReference; fileEncoding = 4; lastKnownFileType = sourcecode.swift; path = Scene.swift; sourceTree = "<group>"; };
		72808F46259F6CD400817D4C /* Stage.swift */ = {isa = PBXFileReference; fileEncoding = 4; lastKnownFileType = sourcecode.swift; path = Stage.swift; sourceTree = "<group>"; };
		72808F47259F6CD400817D4C /* UIViewController+Rx.swift */ = {isa = PBXFileReference; fileEncoding = 4; lastKnownFileType = sourcecode.swift; path = "UIViewController+Rx.swift"; sourceTree = "<group>"; };
		72808F48259F6CD400817D4C /* UISplitViewController+Rx.swift */ = {isa = PBXFileReference; fileEncoding = 4; lastKnownFileType = sourcecode.swift; path = "UISplitViewController+Rx.swift"; sourceTree = "<group>"; };
		728951E5259F6E2400D100C6 /* ErrorRouter.swift */ = {isa = PBXFileReference; fileEncoding = 4; lastKnownFileType = sourcecode.swift; path = ErrorRouter.swift; sourceTree = "<group>"; };
		72BCFA91246E216900D51E93 /* SplitBinder.swift */ = {isa = PBXFileReference; lastKnownFileType = sourcecode.swift; path = SplitBinder.swift; sourceTree = "<group>"; };
		72BCFA97246E221400D51E93 /* EarthquakeListViewController.storyboard */ = {isa = PBXFileReference; lastKnownFileType = file.storyboard; path = EarthquakeListViewController.storyboard; sourceTree = "<group>"; };
		72BCFA98246E221400D51E93 /* EarthquakeListLogic.swift */ = {isa = PBXFileReference; lastKnownFileType = sourcecode.swift; path = EarthquakeListLogic.swift; sourceTree = "<group>"; };
		72BCFA99246E221400D51E93 /* EarthquakeListViewController.swift */ = {isa = PBXFileReference; lastKnownFileType = sourcecode.swift; path = EarthquakeListViewController.swift; sourceTree = "<group>"; };
		72BCFA9A246E221400D51E93 /* EarthquakeListBinder.swift */ = {isa = PBXFileReference; lastKnownFileType = sourcecode.swift; path = EarthquakeListBinder.swift; sourceTree = "<group>"; };
		72CC690F2402F640002FA702 /* RxEarthquake.app */ = {isa = PBXFileReference; explicitFileType = wrapper.application; includeInIndex = 0; path = RxEarthquake.app; sourceTree = BUILT_PRODUCTS_DIR; };
		72CC69122402F640002FA702 /* AppDelegate.swift */ = {isa = PBXFileReference; lastKnownFileType = sourcecode.swift; path = AppDelegate.swift; sourceTree = "<group>"; };
		72CC691D2402F647002FA702 /* Assets.xcassets */ = {isa = PBXFileReference; lastKnownFileType = folder.assetcatalog; path = Assets.xcassets; sourceTree = "<group>"; };
		72CC69202402F647002FA702 /* Base */ = {isa = PBXFileReference; lastKnownFileType = file.storyboard; name = Base; path = Base.lproj/LaunchScreen.storyboard; sourceTree = "<group>"; };
		72CC69222402F647002FA702 /* Info.plist */ = {isa = PBXFileReference; lastKnownFileType = text.plist.xml; path = Info.plist; sourceTree = "<group>"; };
		72CC69272402F648002FA702 /* RxEarthquakeTests.xctest */ = {isa = PBXFileReference; explicitFileType = wrapper.cfbundle; includeInIndex = 0; path = RxEarthquakeTests.xctest; sourceTree = BUILT_PRODUCTS_DIR; };
		72CC692B2402F648002FA702 /* RxEarthquakeTests.swift */ = {isa = PBXFileReference; lastKnownFileType = sourcecode.swift; path = RxEarthquakeTests.swift; sourceTree = "<group>"; };
		72CC692D2402F648002FA702 /* Info.plist */ = {isa = PBXFileReference; lastKnownFileType = text.plist.xml; path = Info.plist; sourceTree = "<group>"; };
/* End PBXFileReference section */

/* Begin PBXFrameworksBuildPhase section */
		72CC690C2402F640002FA702 /* Frameworks */ = {
			isa = PBXFrameworksBuildPhase;
			buildActionMask = 2147483647;
			files = (
				72BAC3DF2403518D00D70666 /* RxCocoa in Frameworks */,
				72BAC3DD2403518D00D70666 /* RxRelay in Frameworks */,
				72BAC3D92403518D00D70666 /* RxSwift in Frameworks */,
			);
			runOnlyForDeploymentPostprocessing = 0;
		};
		72CC69242402F648002FA702 /* Frameworks */ = {
			isa = PBXFrameworksBuildPhase;
			buildActionMask = 2147483647;
			files = (
				72BAC3DB2403518D00D70666 /* RxTest in Frameworks */,
			);
			runOnlyForDeploymentPostprocessing = 0;
		};
/* End PBXFrameworksBuildPhase section */

/* Begin PBXGroup section */
		720F6230259F6D1500AF2A52 /* Recovered References */ = {
			isa = PBXGroup;
			children = (
				72808F41259F6CD400817D4C /* CLLocationManager+Rx.swift */,
				72808F3E259F6CD400817D4C /* RxCLLocationManagerDelegateProxy.swift */,
				72808F43259F6CD400817D4C /* ErrorRouter.swift */,
			);
			name = "Recovered References";
			sourceTree = "<group>";
		};
		7249F938246CE87E00CEC0D7 /* Split */ = {
			isa = PBXGroup;
			children = (
				72BCFA91246E216900D51E93 /* SplitBinder.swift */,
			);
			path = Split;
			sourceTree = "<group>";
		};
		72584B8524718804008A5313 /* Utiliities */ = {
			isa = PBXGroup;
			children = (
				72808F42259F6CD400817D4C /* ActivityIndicator.swift */,
				72808F40259F6CD400817D4C /* AlertConnections.swift */,
				72584BA42471B249008A5313 /* CLLocationManager+Rx.swift */,
				728951E5259F6E2400D100C6 /* ErrorRouter.swift */,
				72584BA32471B249008A5313 /* RxCLLocationManagerDelegateProxy.swift */,
				72808F3F259F6CD400817D4C /* RxHelpers.swift */,
				72808F45259F6CD400817D4C /* Scene.swift */,
				72808F46259F6CD400817D4C /* Stage.swift */,
				72808F44259F6CD400817D4C /* UIColor+Extensions.swift */,
				72808F48259F6CD400817D4C /* UISplitViewController+Rx.swift */,
				72808F47259F6CD400817D4C /* UIViewController+Rx.swift */,
			);
			path = Utiliities;
			sourceTree = "<group>";
		};
		72584B9F2471AEF0008A5313 /* Scenes */ = {
			isa = PBXGroup;
			children = (
				7249F938246CE87E00CEC0D7 /* Split */,
				72BCFA96246E21F000D51E93 /* Earthquake List */,
				72BCFA9F246E22A800D51E93 /* Earthquake Detail */,
			);
			path = Scenes;
			sourceTree = "<group>";
		};
		72BCFA96246E21F000D51E93 /* Earthquake List */ = {
			isa = PBXGroup;
			children = (
				72BCFA9A246E221400D51E93 /* EarthquakeListBinder.swift */,
				72BCFA98246E221400D51E93 /* EarthquakeListLogic.swift */,
				72BCFA99246E221400D51E93 /* EarthquakeListViewController.swift */,
				72BCFA97246E221400D51E93 /* EarthquakeListViewController.storyboard */,
			);
			path = "Earthquake List";
			sourceTree = "<group>";
		};
		72BCFA9F246E22A800D51E93 /* Earthquake Detail */ = {
			isa = PBXGroup;
			children = (
				72584B7E2470D6DA008A5313 /* EarthquakeDetailBinder.swift */,
				72584B7C2470D6DA008A5313 /* EarthquakeDetailLogic.swift */,
				72584B7D2470D6DA008A5313 /* EarthquakeDetailViewController.swift */,
				72584B7B2470D6DA008A5313 /* EarthquakeDetailViewController.storyboard */,
			);
			path = "Earthquake Detail";
			sourceTree = "<group>";
		};
		72CC69062402F640002FA702 = {
			isa = PBXGroup;
			children = (
				72CC69112402F640002FA702 /* RxEarthquake */,
				72CC692A2402F648002FA702 /* RxEarthquakeTests */,
				72CC69102402F640002FA702 /* Products */,
				720F6230259F6D1500AF2A52 /* Recovered References */,
			);
			sourceTree = "<group>";
		};
		72CC69102402F640002FA702 /* Products */ = {
			isa = PBXGroup;
			children = (
				72CC690F2402F640002FA702 /* RxEarthquake.app */,
				72CC69272402F648002FA702 /* RxEarthquakeTests.xctest */,
			);
			name = Products;
			sourceTree = "<group>";
		};
		72CC69112402F640002FA702 /* RxEarthquake */ = {
			isa = PBXGroup;
			children = (
				72CC69122402F640002FA702 /* AppDelegate.swift */,
				72584B832470DA42008A5313 /* Earthquake.swift */,
				72584B9F2471AEF0008A5313 /* Scenes */,
				72584B8524718804008A5313 /* Utiliities */,
				72CC691D2402F647002FA702 /* Assets.xcassets */,
				72CC691F2402F647002FA702 /* LaunchScreen.storyboard */,
				72CC69222402F647002FA702 /* Info.plist */,
			);
			path = RxEarthquake;
			sourceTree = "<group>";
		};
		72CC692A2402F648002FA702 /* RxEarthquakeTests */ = {
			isa = PBXGroup;
			children = (
				72CC692B2402F648002FA702 /* RxEarthquakeTests.swift */,
				72CC692D2402F648002FA702 /* Info.plist */,
			);
			path = RxEarthquakeTests;
			sourceTree = "<group>";
		};
/* End PBXGroup section */

/* Begin PBXNativeTarget section */
		72CC690E2402F640002FA702 /* RxEarthquake */ = {
			isa = PBXNativeTarget;
			buildConfigurationList = 72CC69302402F648002FA702 /* Build configuration list for PBXNativeTarget "RxEarthquake" */;
			buildPhases = (
				72CC690B2402F640002FA702 /* Sources */,
				72CC690C2402F640002FA702 /* Frameworks */,
				72CC690D2402F640002FA702 /* Resources */,
			);
			buildRules = (
			);
			dependencies = (
			);
			name = RxEarthquake;
			packageProductDependencies = (
				72BAC3D82403518D00D70666 /* RxSwift */,
				72BAC3DC2403518D00D70666 /* RxRelay */,
				72BAC3DE2403518D00D70666 /* RxCocoa */,
			);
			productName = RxEarthquake;
			productReference = 72CC690F2402F640002FA702 /* RxEarthquake.app */;
			productType = "com.apple.product-type.application";
		};
		72CC69262402F648002FA702 /* RxEarthquakeTests */ = {
			isa = PBXNativeTarget;
			buildConfigurationList = 72CC69332402F648002FA702 /* Build configuration list for PBXNativeTarget "RxEarthquakeTests" */;
			buildPhases = (
				72CC69232402F648002FA702 /* Sources */,
				72CC69242402F648002FA702 /* Frameworks */,
				72CC69252402F648002FA702 /* Resources */,
			);
			buildRules = (
			);
			dependencies = (
				72CC69292402F648002FA702 /* PBXTargetDependency */,
			);
			name = RxEarthquakeTests;
			packageProductDependencies = (
				72BAC3DA2403518D00D70666 /* RxTest */,
			);
			productName = RxEarthquakeTests;
			productReference = 72CC69272402F648002FA702 /* RxEarthquakeTests.xctest */;
			productType = "com.apple.product-type.bundle.unit-test";
		};
/* End PBXNativeTarget section */

/* Begin PBXProject section */
		72CC69072402F640002FA702 /* Project object */ = {
			isa = PBXProject;
			attributes = {
				LastSwiftUpdateCheck = 1130;
				LastUpgradeCheck = 1230;
				ORGANIZATIONNAME = "Daniel Tartaglia";
				TargetAttributes = {
					72CC690E2402F640002FA702 = {
						CreatedOnToolsVersion = 11.3.1;
					};
					72CC69262402F648002FA702 = {
						CreatedOnToolsVersion = 11.3.1;
						TestTargetID = 72CC690E2402F640002FA702;
					};
				};
			};
			buildConfigurationList = 72CC690A2402F640002FA702 /* Build configuration list for PBXProject "RxEarthquake" */;
			compatibilityVersion = "Xcode 9.3";
			developmentRegion = en;
			hasScannedForEncodings = 0;
			knownRegions = (
				en,
				Base,
			);
			mainGroup = 72CC69062402F640002FA702;
			packageReferences = (
				72BAC3D72403518D00D70666 /* XCRemoteSwiftPackageReference "RxSwift" */,
			);
			productRefGroup = 72CC69102402F640002FA702 /* Products */;
			projectDirPath = "";
			projectRoot = "";
			targets = (
				72CC690E2402F640002FA702 /* RxEarthquake */,
				72CC69262402F648002FA702 /* RxEarthquakeTests */,
			);
		};
/* End PBXProject section */

/* Begin PBXResourcesBuildPhase section */
		72CC690D2402F640002FA702 /* Resources */ = {
			isa = PBXResourcesBuildPhase;
			buildActionMask = 2147483647;
			files = (
				72CC69212402F647002FA702 /* LaunchScreen.storyboard in Resources */,
				72CC691E2402F647002FA702 /* Assets.xcassets in Resources */,
				72584B7F2470D6DA008A5313 /* EarthquakeDetailViewController.storyboard in Resources */,
				72BCFA9B246E221400D51E93 /* EarthquakeListViewController.storyboard in Resources */,
			);
			runOnlyForDeploymentPostprocessing = 0;
		};
		72CC69252402F648002FA702 /* Resources */ = {
			isa = PBXResourcesBuildPhase;
			buildActionMask = 2147483647;
			files = (
			);
			runOnlyForDeploymentPostprocessing = 0;
		};
/* End PBXResourcesBuildPhase section */

/* Begin PBXSourcesBuildPhase section */
		72CC690B2402F640002FA702 /* Sources */ = {
			isa = PBXSourcesBuildPhase;
			buildActionMask = 2147483647;
			files = (
				72BCFA9E246E221400D51E93 /* EarthquakeListBinder.swift in Sources */,
				72808F51259F6CD400817D4C /* Stage.swift in Sources */,
				72584BA52471B249008A5313 /* RxCLLocationManagerDelegateProxy.swift in Sources */,
				72808F50259F6CD400817D4C /* Scene.swift in Sources */,
				72808F52259F6CD400817D4C /* UIViewController+Rx.swift in Sources */,
				72808F4B259F6CD400817D4C /* AlertConnections.swift in Sources */,
				72BCFA9C246E221400D51E93 /* EarthquakeListLogic.swift in Sources */,
				72BCFA95246E216900D51E93 /* SplitBinder.swift in Sources */,
				72584B812470D6DA008A5313 /* EarthquakeDetailViewController.swift in Sources */,
				72808F4A259F6CD400817D4C /* RxHelpers.swift in Sources */,
				72808F4F259F6CD400817D4C /* UIColor+Extensions.swift in Sources */,
				72584B822470D6DA008A5313 /* EarthquakeDetailBinder.swift in Sources */,
				728951E6259F6E2400D100C6 /* ErrorRouter.swift in Sources */,
				72808F4D259F6CD400817D4C /* ActivityIndicator.swift in Sources */,
				72CC69132402F640002FA702 /* AppDelegate.swift in Sources */,
				72584B802470D6DA008A5313 /* EarthquakeDetailLogic.swift in Sources */,
				72808F53259F6CD400817D4C /* UISplitViewController+Rx.swift in Sources */,
				72584BA62471B249008A5313 /* CLLocationManager+Rx.swift in Sources */,
				72584B842470DA42008A5313 /* Earthquake.swift in Sources */,
				72BCFA9D246E221400D51E93 /* EarthquakeListViewController.swift in Sources */,
			);
			runOnlyForDeploymentPostprocessing = 0;
		};
		72CC69232402F648002FA702 /* Sources */ = {
			isa = PBXSourcesBuildPhase;
			buildActionMask = 2147483647;
			files = (
				72CC692C2402F648002FA702 /* RxEarthquakeTests.swift in Sources */,
			);
			runOnlyForDeploymentPostprocessing = 0;
		};
/* End PBXSourcesBuildPhase section */

/* Begin PBXTargetDependency section */
		72CC69292402F648002FA702 /* PBXTargetDependency */ = {
			isa = PBXTargetDependency;
			target = 72CC690E2402F640002FA702 /* RxEarthquake */;
			targetProxy = 72CC69282402F648002FA702 /* PBXContainerItemProxy */;
		};
/* End PBXTargetDependency section */

/* Begin PBXVariantGroup section */
		72CC691F2402F647002FA702 /* LaunchScreen.storyboard */ = {
			isa = PBXVariantGroup;
			children = (
				72CC69202402F647002FA702 /* Base */,
			);
			name = LaunchScreen.storyboard;
			sourceTree = "<group>";
		};
/* End PBXVariantGroup section */

/* Begin XCBuildConfiguration section */
		72CC692E2402F648002FA702 /* Debug */ = {
			isa = XCBuildConfiguration;
			buildSettings = {
				ALWAYS_SEARCH_USER_PATHS = NO;
				CLANG_ANALYZER_NONNULL = YES;
				CLANG_ANALYZER_NUMBER_OBJECT_CONVERSION = YES_AGGRESSIVE;
				CLANG_CXX_LANGUAGE_STANDARD = "gnu++14";
				CLANG_CXX_LIBRARY = "libc++";
				CLANG_ENABLE_MODULES = YES;
				CLANG_ENABLE_OBJC_ARC = YES;
				CLANG_ENABLE_OBJC_WEAK = YES;
				CLANG_WARN_BLOCK_CAPTURE_AUTORELEASING = YES;
				CLANG_WARN_BOOL_CONVERSION = YES;
				CLANG_WARN_COMMA = YES;
				CLANG_WARN_CONSTANT_CONVERSION = YES;
				CLANG_WARN_DEPRECATED_OBJC_IMPLEMENTATIONS = YES;
				CLANG_WARN_DIRECT_OBJC_ISA_USAGE = YES_ERROR;
				CLANG_WARN_DOCUMENTATION_COMMENTS = YES;
				CLANG_WARN_EMPTY_BODY = YES;
				CLANG_WARN_ENUM_CONVERSION = YES;
				CLANG_WARN_INFINITE_RECURSION = YES;
				CLANG_WARN_INT_CONVERSION = YES;
				CLANG_WARN_NON_LITERAL_NULL_CONVERSION = YES;
				CLANG_WARN_OBJC_IMPLICIT_RETAIN_SELF = YES;
				CLANG_WARN_OBJC_LITERAL_CONVERSION = YES;
				CLANG_WARN_OBJC_ROOT_CLASS = YES_ERROR;
				CLANG_WARN_QUOTED_INCLUDE_IN_FRAMEWORK_HEADER = YES;
				CLANG_WARN_RANGE_LOOP_ANALYSIS = YES;
				CLANG_WARN_STRICT_PROTOTYPES = YES;
				CLANG_WARN_SUSPICIOUS_MOVE = YES;
				CLANG_WARN_UNGUARDED_AVAILABILITY = YES_AGGRESSIVE;
				CLANG_WARN_UNREACHABLE_CODE = YES;
				CLANG_WARN__DUPLICATE_METHOD_MATCH = YES;
				COPY_PHASE_STRIP = NO;
				DEBUG_INFORMATION_FORMAT = dwarf;
				ENABLE_STRICT_OBJC_MSGSEND = YES;
				ENABLE_TESTABILITY = YES;
				GCC_C_LANGUAGE_STANDARD = gnu11;
				GCC_DYNAMIC_NO_PIC = NO;
				GCC_NO_COMMON_BLOCKS = YES;
				GCC_OPTIMIZATION_LEVEL = 0;
				GCC_PREPROCESSOR_DEFINITIONS = (
					"DEBUG=1",
					"$(inherited)",
				);
				GCC_WARN_64_TO_32_BIT_CONVERSION = YES;
				GCC_WARN_ABOUT_RETURN_TYPE = YES_ERROR;
				GCC_WARN_UNDECLARED_SELECTOR = YES;
				GCC_WARN_UNINITIALIZED_AUTOS = YES_AGGRESSIVE;
				GCC_WARN_UNUSED_FUNCTION = YES;
				GCC_WARN_UNUSED_VARIABLE = YES;
				IPHONEOS_DEPLOYMENT_TARGET = 12.0;
				MTL_ENABLE_DEBUG_INFO = INCLUDE_SOURCE;
				MTL_FAST_MATH = YES;
				ONLY_ACTIVE_ARCH = YES;
				SDKROOT = iphoneos;
				SWIFT_ACTIVE_COMPILATION_CONDITIONS = DEBUG;
				SWIFT_OPTIMIZATION_LEVEL = "-Onone";
			};
			name = Debug;
		};
		72CC692F2402F648002FA702 /* Release */ = {
			isa = XCBuildConfiguration;
			buildSettings = {
				ALWAYS_SEARCH_USER_PATHS = NO;
				CLANG_ANALYZER_NONNULL = YES;
				CLANG_ANALYZER_NUMBER_OBJECT_CONVERSION = YES_AGGRESSIVE;
				CLANG_CXX_LANGUAGE_STANDARD = "gnu++14";
				CLANG_CXX_LIBRARY = "libc++";
				CLANG_ENABLE_MODULES = YES;
				CLANG_ENABLE_OBJC_ARC = YES;
				CLANG_ENABLE_OBJC_WEAK = YES;
				CLANG_WARN_BLOCK_CAPTURE_AUTORELEASING = YES;
				CLANG_WARN_BOOL_CONVERSION = YES;
				CLANG_WARN_COMMA = YES;
				CLANG_WARN_CONSTANT_CONVERSION = YES;
				CLANG_WARN_DEPRECATED_OBJC_IMPLEMENTATIONS = YES;
				CLANG_WARN_DIRECT_OBJC_ISA_USAGE = YES_ERROR;
				CLANG_WARN_DOCUMENTATION_COMMENTS = YES;
				CLANG_WARN_EMPTY_BODY = YES;
				CLANG_WARN_ENUM_CONVERSION = YES;
				CLANG_WARN_INFINITE_RECURSION = YES;
				CLANG_WARN_INT_CONVERSION = YES;
				CLANG_WARN_NON_LITERAL_NULL_CONVERSION = YES;
				CLANG_WARN_OBJC_IMPLICIT_RETAIN_SELF = YES;
				CLANG_WARN_OBJC_LITERAL_CONVERSION = YES;
				CLANG_WARN_OBJC_ROOT_CLASS = YES_ERROR;
				CLANG_WARN_QUOTED_INCLUDE_IN_FRAMEWORK_HEADER = YES;
				CLANG_WARN_RANGE_LOOP_ANALYSIS = YES;
				CLANG_WARN_STRICT_PROTOTYPES = YES;
				CLANG_WARN_SUSPICIOUS_MOVE = YES;
				CLANG_WARN_UNGUARDED_AVAILABILITY = YES_AGGRESSIVE;
				CLANG_WARN_UNREACHABLE_CODE = YES;
				CLANG_WARN__DUPLICATE_METHOD_MATCH = YES;
				COPY_PHASE_STRIP = NO;
				DEBUG_INFORMATION_FORMAT = "dwarf-with-dsym";
				ENABLE_NS_ASSERTIONS = NO;
				ENABLE_STRICT_OBJC_MSGSEND = YES;
				GCC_C_LANGUAGE_STANDARD = gnu11;
				GCC_NO_COMMON_BLOCKS = YES;
				GCC_WARN_64_TO_32_BIT_CONVERSION = YES;
				GCC_WARN_ABOUT_RETURN_TYPE = YES_ERROR;
				GCC_WARN_UNDECLARED_SELECTOR = YES;
				GCC_WARN_UNINITIALIZED_AUTOS = YES_AGGRESSIVE;
				GCC_WARN_UNUSED_FUNCTION = YES;
				GCC_WARN_UNUSED_VARIABLE = YES;
				IPHONEOS_DEPLOYMENT_TARGET = 12.0;
				MTL_ENABLE_DEBUG_INFO = NO;
				MTL_FAST_MATH = YES;
				SDKROOT = iphoneos;
				SWIFT_COMPILATION_MODE = wholemodule;
				SWIFT_OPTIMIZATION_LEVEL = "-O";
				VALIDATE_PRODUCT = YES;
			};
			name = Release;
		};
		72CC69312402F648002FA702 /* Debug */ = {
			isa = XCBuildConfiguration;
			buildSettings = {
				ASSETCATALOG_COMPILER_APPICON_NAME = AppIcon;
				CODE_SIGN_STYLE = Automatic;
				DEVELOPMENT_TEAM = XA4HQLH76F;
				INFOPLIST_FILE = RxEarthquake/Info.plist;
				LD_RUNPATH_SEARCH_PATHS = (
					"$(inherited)",
					"@executable_path/Frameworks",
				);
				PRODUCT_BUNDLE_IDENTIFIER = com.gmail.danielt1263.RxEarthquake;
				PRODUCT_NAME = RxEarthquake;
				SWIFT_VERSION = 5.0;
				TARGETED_DEVICE_FAMILY = "1,2";
			};
			name = Debug;
		};
		72CC69322402F648002FA702 /* Release */ = {
			isa = XCBuildConfiguration;
			buildSettings = {
				ASSETCATALOG_COMPILER_APPICON_NAME = AppIcon;
				CODE_SIGN_STYLE = Automatic;
				DEVELOPMENT_TEAM = XA4HQLH76F;
				INFOPLIST_FILE = RxEarthquake/Info.plist;
				LD_RUNPATH_SEARCH_PATHS = (
					"$(inherited)",
					"@executable_path/Frameworks",
				);
				PRODUCT_BUNDLE_IDENTIFIER = com.gmail.danielt1263.RxEarthquake;
				PRODUCT_NAME = RxEarthquake;
				SWIFT_VERSION = 5.0;
				TARGETED_DEVICE_FAMILY = "1,2";
			};
			name = Release;
		};
		72CC69342402F648002FA702 /* Debug */ = {
			isa = XCBuildConfiguration;
			buildSettings = {
				ALWAYS_EMBED_SWIFT_STANDARD_LIBRARIES = YES;
				BUNDLE_LOADER = "$(TEST_HOST)";
				CODE_SIGN_STYLE = Automatic;
				DEVELOPMENT_TEAM = XA4HQLH76F;
				INFOPLIST_FILE = RxEarthquakeTests/Info.plist;
				IPHONEOS_DEPLOYMENT_TARGET = 13.2;
				LD_RUNPATH_SEARCH_PATHS = (
					"$(inherited)",
					"@executable_path/Frameworks",
					"@loader_path/Frameworks",
				);
				PRODUCT_BUNDLE_IDENTIFIER = com.gmail.danielt1263.RxEarthquakeTests;
				PRODUCT_NAME = "$(TARGET_NAME)";
				SWIFT_VERSION = 5.0;
				TARGETED_DEVICE_FAMILY = "1,2";
				TEST_HOST = "$(BUILT_PRODUCTS_DIR)/RxEarthquake.app/RxEarthquake";
			};
			name = Debug;
		};
		72CC69352402F648002FA702 /* Release */ = {
			isa = XCBuildConfiguration;
			buildSettings = {
				ALWAYS_EMBED_SWIFT_STANDARD_LIBRARIES = YES;
				BUNDLE_LOADER = "$(TEST_HOST)";
				CODE_SIGN_STYLE = Automatic;
				DEVELOPMENT_TEAM = XA4HQLH76F;
				INFOPLIST_FILE = RxEarthquakeTests/Info.plist;
				IPHONEOS_DEPLOYMENT_TARGET = 13.2;
				LD_RUNPATH_SEARCH_PATHS = (
					"$(inherited)",
					"@executable_path/Frameworks",
					"@loader_path/Frameworks",
				);
				PRODUCT_BUNDLE_IDENTIFIER = com.gmail.danielt1263.RxEarthquakeTests;
				PRODUCT_NAME = "$(TARGET_NAME)";
				SWIFT_VERSION = 5.0;
				TARGETED_DEVICE_FAMILY = "1,2";
				TEST_HOST = "$(BUILT_PRODUCTS_DIR)/RxEarthquake.app/RxEarthquake";
			};
			name = Release;
		};
/* End XCBuildConfiguration section */

/* Begin XCConfigurationList section */
		72CC690A2402F640002FA702 /* Build configuration list for PBXProject "RxEarthquake" */ = {
			isa = XCConfigurationList;
			buildConfigurations = (
				72CC692E2402F648002FA702 /* Debug */,
				72CC692F2402F648002FA702 /* Release */,
			);
			defaultConfigurationIsVisible = 0;
			defaultConfigurationName = Release;
		};
		72CC69302402F648002FA702 /* Build configuration list for PBXNativeTarget "RxEarthquake" */ = {
			isa = XCConfigurationList;
			buildConfigurations = (
				72CC69312402F648002FA702 /* Debug */,
				72CC69322402F648002FA702 /* Release */,
			);
			defaultConfigurationIsVisible = 0;
			defaultConfigurationName = Release;
		};
		72CC69332402F648002FA702 /* Build configuration list for PBXNativeTarget "RxEarthquakeTests" */ = {
			isa = XCConfigurationList;
			buildConfigurations = (
				72CC69342402F648002FA702 /* Debug */,
				72CC69352402F648002FA702 /* Release */,
			);
			defaultConfigurationIsVisible = 0;
			defaultConfigurationName = Release;
		};
/* End XCConfigurationList section */

/* Begin XCRemoteSwiftPackageReference section */
		72BAC3D72403518D00D70666 /* XCRemoteSwiftPackageReference "RxSwift" */ = {
			isa = XCRemoteSwiftPackageReference;
			repositoryURL = "https://github.com/ReactiveX/RxSwift.git";
			requirement = {
				kind = upToNextMajorVersion;
				minimumVersion = 5.1.1;
			};
		};
/* End XCRemoteSwiftPackageReference section */

/* Begin XCSwiftPackageProductDependency section */
		72BAC3D82403518D00D70666 /* RxSwift */ = {
			isa = XCSwiftPackageProductDependency;
			package = 72BAC3D72403518D00D70666 /* XCRemoteSwiftPackageReference "RxSwift" */;
			productName = RxSwift;
		};
		72BAC3DA2403518D00D70666 /* RxTest */ = {
			isa = XCSwiftPackageProductDependency;
			package = 72BAC3D72403518D00D70666 /* XCRemoteSwiftPackageReference "RxSwift" */;
			productName = RxTest;
		};
		72BAC3DC2403518D00D70666 /* RxRelay */ = {
			isa = XCSwiftPackageProductDependency;
			package = 72BAC3D72403518D00D70666 /* XCRemoteSwiftPackageReference "RxSwift" */;
			productName = RxRelay;
		};
		72BAC3DE2403518D00D70666 /* RxCocoa */ = {
			isa = XCSwiftPackageProductDependency;
			package = 72BAC3D72403518D00D70666 /* XCRemoteSwiftPackageReference "RxSwift" */;
			productName = RxCocoa;
		};
/* End XCSwiftPackageProductDependency section */
	};
	rootObject = 72CC69072402F640002FA702 /* Project object */;
}
