// !$*UTF8*$!
{
	archiveVersion = 1;
	classes = {
	};
	objectVersion = 55;
	objects = {

/* Begin PBXBuildFile section */
		09062F582733764700F6E522 /* AppDelegate.swift in Sources */ = {isa = PBXBuildFile; fileRef = 09062F572733764700F6E522 /* AppDelegate.swift */; };
		09062F612733764800F6E522 /* Assets.xcassets in Resources */ = {isa = PBXBuildFile; fileRef = 09062F602733764800F6E522 /* Assets.xcassets */; };
		09062F642733764800F6E522 /* LaunchScreen.storyboard in Resources */ = {isa = PBXBuildFile; fileRef = 09062F622733764800F6E522 /* LaunchScreen.storyboard */; };
		09062F6D273376D700F6E522 /* Cause-Logic-Effect in Frameworks */ = {isa = PBXBuildFile; productRef = 09062F6C273376D700F6E522 /* Cause-Logic-Effect */; };
		09062F70273377AB00F6E522 /* Split.swift in Sources */ = {isa = PBXBuildFile; fileRef = 09062F6F273377AB00F6E522 /* Split.swift */; };
		09062F732733787600F6E522 /* EarthquakeListViewController.swift in Sources */ = {isa = PBXBuildFile; fileRef = 09062F722733787600F6E522 /* EarthquakeListViewController.swift */; };
		09062F752733789C00F6E522 /* EarthquakeListViewController.storyboard in Resources */ = {isa = PBXBuildFile; fileRef = 09062F742733789C00F6E522 /* EarthquakeListViewController.storyboard */; };
		09062F77273378C200F6E522 /* EarthquakeListConnections.swift in Sources */ = {isa = PBXBuildFile; fileRef = 09062F76273378C200F6E522 /* EarthquakeListConnections.swift */; };
		091D4A0827337B0A008E1826 /* EarthquakeDetailLogic.swift in Sources */ = {isa = PBXBuildFile; fileRef = 091D4A0427337B0A008E1826 /* EarthquakeDetailLogic.swift */; };
		091D4A0927337B0A008E1826 /* EarthquakeDetailViewController.swift in Sources */ = {isa = PBXBuildFile; fileRef = 091D4A0527337B0A008E1826 /* EarthquakeDetailViewController.swift */; };
		091D4A0A27337B0A008E1826 /* EarthquakeDetailConnections.swift in Sources */ = {isa = PBXBuildFile; fileRef = 091D4A0627337B0A008E1826 /* EarthquakeDetailConnections.swift */; };
		091D4A0D27337F91008E1826 /* EarthquakeListLogic.swift in Sources */ = {isa = PBXBuildFile; fileRef = 091D4A0C27337F91008E1826 /* EarthquakeListLogic.swift */; };
		091D4A0F27337FCD008E1826 /* Earthquake.swift in Sources */ = {isa = PBXBuildFile; fileRef = 091D4A0E27337FCD008E1826 /* Earthquake.swift */; };
		09793C5427341060007104C7 /* UISplitViewController+Rx.swift in Sources */ = {isa = PBXBuildFile; fileRef = 09793C5127341060007104C7 /* UISplitViewController+Rx.swift */; };
		09793C58273413CA007104C7 /* EarthquakeDetailViewController.storyboard in Resources */ = {isa = PBXBuildFile; fileRef = 09793C57273413CA007104C7 /* EarthquakeDetailViewController.storyboard */; };
		09793C5A27342FEB007104C7 /* CLLocationManager+Rx.swift in Sources */ = {isa = PBXBuildFile; fileRef = 09793C5927342FEB007104C7 /* CLLocationManager+Rx.swift */; };
/* End PBXBuildFile section */

/* Begin PBXFileReference section */
		09062F542733764700F6E522 /* RxEarthquake.app */ = {isa = PBXFileReference; explicitFileType = wrapper.application; includeInIndex = 0; path = RxEarthquake.app; sourceTree = BUILT_PRODUCTS_DIR; };
		09062F572733764700F6E522 /* AppDelegate.swift */ = {isa = PBXFileReference; lastKnownFileType = sourcecode.swift; path = AppDelegate.swift; sourceTree = "<group>"; };
		09062F602733764800F6E522 /* Assets.xcassets */ = {isa = PBXFileReference; lastKnownFileType = folder.assetcatalog; path = Assets.xcassets; sourceTree = "<group>"; };
		09062F632733764800F6E522 /* Base */ = {isa = PBXFileReference; lastKnownFileType = file.storyboard; name = Base; path = Base.lproj/LaunchScreen.storyboard; sourceTree = "<group>"; };
		09062F652733764800F6E522 /* Info.plist */ = {isa = PBXFileReference; lastKnownFileType = text.plist.xml; path = Info.plist; sourceTree = "<group>"; };
		09062F6F273377AB00F6E522 /* Split.swift */ = {isa = PBXFileReference; lastKnownFileType = sourcecode.swift; path = Split.swift; sourceTree = "<group>"; };
		09062F722733787600F6E522 /* EarthquakeListViewController.swift */ = {isa = PBXFileReference; lastKnownFileType = sourcecode.swift; path = EarthquakeListViewController.swift; sourceTree = "<group>"; };
		09062F742733789C00F6E522 /* EarthquakeListViewController.storyboard */ = {isa = PBXFileReference; lastKnownFileType = file.storyboard; path = EarthquakeListViewController.storyboard; sourceTree = "<group>"; };
		09062F76273378C200F6E522 /* EarthquakeListConnections.swift */ = {isa = PBXFileReference; lastKnownFileType = sourcecode.swift; path = EarthquakeListConnections.swift; sourceTree = "<group>"; };
		091D4A0427337B0A008E1826 /* EarthquakeDetailLogic.swift */ = {isa = PBXFileReference; lastKnownFileType = sourcecode.swift; path = EarthquakeDetailLogic.swift; sourceTree = "<group>"; };
		091D4A0527337B0A008E1826 /* EarthquakeDetailViewController.swift */ = {isa = PBXFileReference; lastKnownFileType = sourcecode.swift; path = EarthquakeDetailViewController.swift; sourceTree = "<group>"; };
		091D4A0627337B0A008E1826 /* EarthquakeDetailConnections.swift */ = {isa = PBXFileReference; lastKnownFileType = sourcecode.swift; path = EarthquakeDetailConnections.swift; sourceTree = "<group>"; };
		091D4A0C27337F91008E1826 /* EarthquakeListLogic.swift */ = {isa = PBXFileReference; lastKnownFileType = sourcecode.swift; path = EarthquakeListLogic.swift; sourceTree = "<group>"; };
		091D4A0E27337FCD008E1826 /* Earthquake.swift */ = {isa = PBXFileReference; fileEncoding = 4; lastKnownFileType = sourcecode.swift; path = Earthquake.swift; sourceTree = "<group>"; };
		09793C5127341060007104C7 /* UISplitViewController+Rx.swift */ = {isa = PBXFileReference; fileEncoding = 4; lastKnownFileType = sourcecode.swift; path = "UISplitViewController+Rx.swift"; sourceTree = "<group>"; };
		09793C57273413CA007104C7 /* EarthquakeDetailViewController.storyboard */ = {isa = PBXFileReference; fileEncoding = 4; lastKnownFileType = file.storyboard; path = EarthquakeDetailViewController.storyboard; sourceTree = "<group>"; };
		09793C5927342FEB007104C7 /* CLLocationManager+Rx.swift */ = {isa = PBXFileReference; lastKnownFileType = sourcecode.swift; path = "CLLocationManager+Rx.swift"; sourceTree = "<group>"; };
/* End PBXFileReference section */

/* Begin PBXFrameworksBuildPhase section */
		09062F512733764700F6E522 /* Frameworks */ = {
			isa = PBXFrameworksBuildPhase;
			buildActionMask = 2147483647;
			files = (
				09062F6D273376D700F6E522 /* Cause-Logic-Effect in Frameworks */,
			);
			runOnlyForDeploymentPostprocessing = 0;
		};
/* End PBXFrameworksBuildPhase section */

/* Begin PBXGroup section */
		09062F4B2733764700F6E522 = {
			isa = PBXGroup;
			children = (
				09062F562733764700F6E522 /* RxEarthquake */,
				09062F552733764700F6E522 /* Products */,
			);
			sourceTree = "<group>";
		};
		09062F552733764700F6E522 /* Products */ = {
			isa = PBXGroup;
			children = (
				09062F542733764700F6E522 /* RxEarthquake.app */,
			);
			name = Products;
			sourceTree = "<group>";
		};
		09062F562733764700F6E522 /* RxEarthquake */ = {
			isa = PBXGroup;
			children = (
				09062F572733764700F6E522 /* AppDelegate.swift */,
				091D4A0E27337FCD008E1826 /* Earthquake.swift */,
				09062F6E2733777100F6E522 /* Scenes */,
				09793C5027340D10007104C7 /* Utilities */,
				09062F602733764800F6E522 /* Assets.xcassets */,
				09062F622733764800F6E522 /* LaunchScreen.storyboard */,
				09062F652733764800F6E522 /* Info.plist */,
			);
			path = RxEarthquake;
			sourceTree = "<group>";
		};
		09062F6E2733777100F6E522 /* Scenes */ = {
			isa = PBXGroup;
			children = (
				09062F6F273377AB00F6E522 /* Split.swift */,
				09062F712733781D00F6E522 /* Earthquake List */,
				091D4A0327337AEB008E1826 /* Earthquake Detail */,
			);
			path = Scenes;
			sourceTree = "<group>";
		};
		09062F712733781D00F6E522 /* Earthquake List */ = {
			isa = PBXGroup;
			children = (
				09062F76273378C200F6E522 /* EarthquakeListConnections.swift */,
				091D4A0C27337F91008E1826 /* EarthquakeListLogic.swift */,
				09062F742733789C00F6E522 /* EarthquakeListViewController.storyboard */,
				09062F722733787600F6E522 /* EarthquakeListViewController.swift */,
			);
			path = "Earthquake List";
			sourceTree = "<group>";
		};
		091D4A0327337AEB008E1826 /* Earthquake Detail */ = {
			isa = PBXGroup;
			children = (
				091D4A0627337B0A008E1826 /* EarthquakeDetailConnections.swift */,
				091D4A0427337B0A008E1826 /* EarthquakeDetailLogic.swift */,
				091D4A0527337B0A008E1826 /* EarthquakeDetailViewController.swift */,
				09793C57273413CA007104C7 /* EarthquakeDetailViewController.storyboard */,
			);
			path = "Earthquake Detail";
			sourceTree = "<group>";
		};
		09793C5027340D10007104C7 /* Utilities */ = {
			isa = PBXGroup;
			children = (
				09793C5927342FEB007104C7 /* CLLocationManager+Rx.swift */,
				09793C5127341060007104C7 /* UISplitViewController+Rx.swift */,
			);
			path = Utilities;
			sourceTree = "<group>";
		};
/* End PBXGroup section */

/* Begin PBXNativeTarget section */
		09062F532733764700F6E522 /* RxEarthquake */ = {
			isa = PBXNativeTarget;
			buildConfigurationList = 09062F682733764800F6E522 /* Build configuration list for PBXNativeTarget "RxEarthquake" */;
			buildPhases = (
				09062F502733764700F6E522 /* Sources */,
				09062F512733764700F6E522 /* Frameworks */,
				09062F522733764700F6E522 /* Resources */,
			);
			buildRules = (
			);
			dependencies = (
			);
			name = RxEarthquake;
			packageProductDependencies = (
				09062F6C273376D700F6E522 /* Cause-Logic-Effect */,
			);
			productName = RxEarthquake;
			productReference = 09062F542733764700F6E522 /* RxEarthquake.app */;
			productType = "com.apple.product-type.application";
		};
/* End PBXNativeTarget section */

/* Begin PBXProject section */
		09062F4C2733764700F6E522 /* Project object */ = {
			isa = PBXProject;
			attributes = {
				BuildIndependentTargetsInParallel = 1;
				LastSwiftUpdateCheck = 1310;
				LastUpgradeCheck = 1310;
				TargetAttributes = {
					09062F532733764700F6E522 = {
						CreatedOnToolsVersion = 13.1;
					};
				};
			};
			buildConfigurationList = 09062F4F2733764700F6E522 /* Build configuration list for PBXProject "RxEarthquake" */;
			compatibilityVersion = "Xcode 13.0";
			developmentRegion = en;
			hasScannedForEncodings = 0;
			knownRegions = (
				en,
				Base,
			);
			mainGroup = 09062F4B2733764700F6E522;
			packageReferences = (
				09062F6B273376D700F6E522 /* XCRemoteSwiftPackageReference "CLE-Architecture-Tools" */,
			);
			productRefGroup = 09062F552733764700F6E522 /* Products */;
			projectDirPath = "";
			projectRoot = "";
			targets = (
				09062F532733764700F6E522 /* RxEarthquake */,
			);
		};
/* End PBXProject section */

/* Begin PBXResourcesBuildPhase section */
		09062F522733764700F6E522 /* Resources */ = {
			isa = PBXResourcesBuildPhase;
			buildActionMask = 2147483647;
			files = (
				09062F642733764800F6E522 /* LaunchScreen.storyboard in Resources */,
				09062F612733764800F6E522 /* Assets.xcassets in Resources */,
				09793C58273413CA007104C7 /* EarthquakeDetailViewController.storyboard in Resources */,
				09062F752733789C00F6E522 /* EarthquakeListViewController.storyboard in Resources */,
			);
			runOnlyForDeploymentPostprocessing = 0;
		};
/* End PBXResourcesBuildPhase section */

/* Begin PBXSourcesBuildPhase section */
		09062F502733764700F6E522 /* Sources */ = {
			isa = PBXSourcesBuildPhase;
			buildActionMask = 2147483647;
			files = (
				09062F77273378C200F6E522 /* EarthquakeListConnections.swift in Sources */,
				09793C5A27342FEB007104C7 /* CLLocationManager+Rx.swift in Sources */,
				091D4A0D27337F91008E1826 /* EarthquakeListLogic.swift in Sources */,
				091D4A0A27337B0A008E1826 /* EarthquakeDetailConnections.swift in Sources */,
				091D4A0827337B0A008E1826 /* EarthquakeDetailLogic.swift in Sources */,
				091D4A0F27337FCD008E1826 /* Earthquake.swift in Sources */,
				09062F70273377AB00F6E522 /* Split.swift in Sources */,
				09062F582733764700F6E522 /* AppDelegate.swift in Sources */,
				09793C5427341060007104C7 /* UISplitViewController+Rx.swift in Sources */,
				091D4A0927337B0A008E1826 /* EarthquakeDetailViewController.swift in Sources */,
				09062F732733787600F6E522 /* EarthquakeListViewController.swift in Sources */,
			);
			runOnlyForDeploymentPostprocessing = 0;
		};
/* End PBXSourcesBuildPhase section */

/* Begin PBXVariantGroup section */
		09062F622733764800F6E522 /* LaunchScreen.storyboard */ = {
			isa = PBXVariantGroup;
			children = (
				09062F632733764800F6E522 /* Base */,
			);
			name = LaunchScreen.storyboard;
			sourceTree = "<group>";
		};
/* End PBXVariantGroup section */

/* Begin XCBuildConfiguration section */
		09062F662733764800F6E522 /* Debug */ = {
			isa = XCBuildConfiguration;
			buildSettings = {
				ALWAYS_SEARCH_USER_PATHS = NO;
				CLANG_ANALYZER_NONNULL = YES;
				CLANG_ANALYZER_NUMBER_OBJECT_CONVERSION = YES_AGGRESSIVE;
				CLANG_CXX_LANGUAGE_STANDARD = "gnu++17";
				CLANG_CXX_LIBRARY = "libc++";
				CLANG_ENABLE_MODULES = YES;
				CLANG_ENABLE_OBJC_ARC = YES;
				CLANG_ENABLE_OBJC_WEAK = YES;
				CLANG_WARN_BLOCK_CAPTURE_AUTORELEASING = YES;
				CLANG_WARN_BOOL_CONVERSION = YES;
				CLANG_WARN_COMMA = YES;
				CLANG_WARN_CONSTANT_CONVERSION = YES;
				CLANG_WARN_DEPRECATED_OBJC_IMPLEMENTATIONS = YES;
				CLANG_WARN_DIRECT_OBJC_ISA_USAGE = YES_ERROR;
				CLANG_WARN_DOCUMENTATION_COMMENTS = YES;
				CLANG_WARN_EMPTY_BODY = YES;
				CLANG_WARN_ENUM_CONVERSION = YES;
				CLANG_WARN_INFINITE_RECURSION = YES;
				CLANG_WARN_INT_CONVERSION = YES;
				CLANG_WARN_NON_LITERAL_NULL_CONVERSION = YES;
				CLANG_WARN_OBJC_IMPLICIT_RETAIN_SELF = YES;
				CLANG_WARN_OBJC_LITERAL_CONVERSION = YES;
				CLANG_WARN_OBJC_ROOT_CLASS = YES_ERROR;
				CLANG_WARN_QUOTED_INCLUDE_IN_FRAMEWORK_HEADER = YES;
				CLANG_WARN_RANGE_LOOP_ANALYSIS = YES;
				CLANG_WARN_STRICT_PROTOTYPES = YES;
				CLANG_WARN_SUSPICIOUS_MOVE = YES;
				CLANG_WARN_UNGUARDED_AVAILABILITY = YES_AGGRESSIVE;
				CLANG_WARN_UNREACHABLE_CODE = YES;
				CLANG_WARN__DUPLICATE_METHOD_MATCH = YES;
				COPY_PHASE_STRIP = NO;
				DEBUG_INFORMATION_FORMAT = dwarf;
				ENABLE_STRICT_OBJC_MSGSEND = YES;
				ENABLE_TESTABILITY = YES;
				GCC_C_LANGUAGE_STANDARD = gnu11;
				GCC_DYNAMIC_NO_PIC = NO;
				GCC_NO_COMMON_BLOCKS = YES;
				GCC_OPTIMIZATION_LEVEL = 0;
				GCC_PREPROCESSOR_DEFINITIONS = (
					"DEBUG=1",
					"$(inherited)",
				);
				GCC_WARN_64_TO_32_BIT_CONVERSION = YES;
				GCC_WARN_ABOUT_RETURN_TYPE = YES_ERROR;
				GCC_WARN_UNDECLARED_SELECTOR = YES;
				GCC_WARN_UNINITIALIZED_AUTOS = YES_AGGRESSIVE;
				GCC_WARN_UNUSED_FUNCTION = YES;
				GCC_WARN_UNUSED_VARIABLE = YES;
				IPHONEOS_DEPLOYMENT_TARGET = 13.3;
				MTL_ENABLE_DEBUG_INFO = INCLUDE_SOURCE;
				MTL_FAST_MATH = YES;
				ONLY_ACTIVE_ARCH = YES;
				SDKROOT = iphoneos;
				SWIFT_ACTIVE_COMPILATION_CONDITIONS = DEBUG;
				SWIFT_OPTIMIZATION_LEVEL = "-Onone";
			};
			name = Debug;
		};
		09062F672733764800F6E522 /* Release */ = {
			isa = XCBuildConfiguration;
			buildSettings = {
				ALWAYS_SEARCH_USER_PATHS = NO;
				CLANG_ANALYZER_NONNULL = YES;
				CLANG_ANALYZER_NUMBER_OBJECT_CONVERSION = YES_AGGRESSIVE;
				CLANG_CXX_LANGUAGE_STANDARD = "gnu++17";
				CLANG_CXX_LIBRARY = "libc++";
				CLANG_ENABLE_MODULES = YES;
				CLANG_ENABLE_OBJC_ARC = YES;
				CLANG_ENABLE_OBJC_WEAK = YES;
				CLANG_WARN_BLOCK_CAPTURE_AUTORELEASING = YES;
				CLANG_WARN_BOOL_CONVERSION = YES;
				CLANG_WARN_COMMA = YES;
				CLANG_WARN_CONSTANT_CONVERSION = YES;
				CLANG_WARN_DEPRECATED_OBJC_IMPLEMENTATIONS = YES;
				CLANG_WARN_DIRECT_OBJC_ISA_USAGE = YES_ERROR;
				CLANG_WARN_DOCUMENTATION_COMMENTS = YES;
				CLANG_WARN_EMPTY_BODY = YES;
				CLANG_WARN_ENUM_CONVERSION = YES;
				CLANG_WARN_INFINITE_RECURSION = YES;
				CLANG_WARN_INT_CONVERSION = YES;
				CLANG_WARN_NON_LITERAL_NULL_CONVERSION = YES;
				CLANG_WARN_OBJC_IMPLICIT_RETAIN_SELF = YES;
				CLANG_WARN_OBJC_LITERAL_CONVERSION = YES;
				CLANG_WARN_OBJC_ROOT_CLASS = YES_ERROR;
				CLANG_WARN_QUOTED_INCLUDE_IN_FRAMEWORK_HEADER = YES;
				CLANG_WARN_RANGE_LOOP_ANALYSIS = YES;
				CLANG_WARN_STRICT_PROTOTYPES = YES;
				CLANG_WARN_SUSPICIOUS_MOVE = YES;
				CLANG_WARN_UNGUARDED_AVAILABILITY = YES_AGGRESSIVE;
				CLANG_WARN_UNREACHABLE_CODE = YES;
				CLANG_WARN__DUPLICATE_METHOD_MATCH = YES;
				COPY_PHASE_STRIP = NO;
				DEBUG_INFORMATION_FORMAT = "dwarf-with-dsym";
				ENABLE_NS_ASSERTIONS = NO;
				ENABLE_STRICT_OBJC_MSGSEND = YES;
				GCC_C_LANGUAGE_STANDARD = gnu11;
				GCC_NO_COMMON_BLOCKS = YES;
				GCC_WARN_64_TO_32_BIT_CONVERSION = YES;
				GCC_WARN_ABOUT_RETURN_TYPE = YES_ERROR;
				GCC_WARN_UNDECLARED_SELECTOR = YES;
				GCC_WARN_UNINITIALIZED_AUTOS = YES_AGGRESSIVE;
				GCC_WARN_UNUSED_FUNCTION = YES;
				GCC_WARN_UNUSED_VARIABLE = YES;
				IPHONEOS_DEPLOYMENT_TARGET = 13.3;
				MTL_ENABLE_DEBUG_INFO = NO;
				MTL_FAST_MATH = YES;
				SDKROOT = iphoneos;
				SWIFT_COMPILATION_MODE = wholemodule;
				SWIFT_OPTIMIZATION_LEVEL = "-O";
				VALIDATE_PRODUCT = YES;
			};
			name = Release;
		};
		09062F692733764800F6E522 /* Debug */ = {
			isa = XCBuildConfiguration;
			buildSettings = {
				ASSETCATALOG_COMPILER_APPICON_NAME = AppIcon;
				ASSETCATALOG_COMPILER_GLOBAL_ACCENT_COLOR_NAME = AccentColor;
				CODE_SIGN_STYLE = Automatic;
				CURRENT_PROJECT_VERSION = 1;
				DEVELOPMENT_TEAM = JEEBYL93EK;
				GENERATE_INFOPLIST_FILE = YES;
				INFOPLIST_FILE = RxEarthquake/Info.plist;
				INFOPLIST_KEY_UIApplicationSupportsIndirectInputEvents = YES;
				INFOPLIST_KEY_UILaunchStoryboardName = LaunchScreen;
				INFOPLIST_KEY_UISupportedInterfaceOrientations_iPad = "UIInterfaceOrientationPortrait UIInterfaceOrientationPortraitUpsideDown UIInterfaceOrientationLandscapeLeft UIInterfaceOrientationLandscapeRight";
				INFOPLIST_KEY_UISupportedInterfaceOrientations_iPhone = "UIInterfaceOrientationPortrait UIInterfaceOrientationLandscapeLeft UIInterfaceOrientationLandscapeRight";
				LD_RUNPATH_SEARCH_PATHS = (
					"$(inherited)",
					"@executable_path/Frameworks",
				);
				MARKETING_VERSION = 1.0;
				PRODUCT_BUNDLE_IDENTIFIER = com.google.danielt1263.RxEarthquake;
				PRODUCT_NAME = "$(TARGET_NAME)";
				SWIFT_EMIT_LOC_STRINGS = YES;
				SWIFT_VERSION = 5.0;
				TARGETED_DEVICE_FAMILY = "1,2";
			};
			name = Debug;
		};
		09062F6A2733764800F6E522 /* Release */ = {
			isa = XCBuildConfiguration;
			buildSettings = {
				ASSETCATALOG_COMPILER_APPICON_NAME = AppIcon;
				ASSETCATALOG_COMPILER_GLOBAL_ACCENT_COLOR_NAME = AccentColor;
				CODE_SIGN_STYLE = Automatic;
				CURRENT_PROJECT_VERSION = 1;
				DEVELOPMENT_TEAM = JEEBYL93EK;
				GENERATE_INFOPLIST_FILE = YES;
				INFOPLIST_FILE = RxEarthquake/Info.plist;
				INFOPLIST_KEY_UIApplicationSupportsIndirectInputEvents = YES;
				INFOPLIST_KEY_UILaunchStoryboardName = LaunchScreen;
				INFOPLIST_KEY_UISupportedInterfaceOrientations_iPad = "UIInterfaceOrientationPortrait UIInterfaceOrientationPortraitUpsideDown UIInterfaceOrientationLandscapeLeft UIInterfaceOrientationLandscapeRight";
				INFOPLIST_KEY_UISupportedInterfaceOrientations_iPhone = "UIInterfaceOrientationPortrait UIInterfaceOrientationLandscapeLeft UIInterfaceOrientationLandscapeRight";
				LD_RUNPATH_SEARCH_PATHS = (
					"$(inherited)",
					"@executable_path/Frameworks",
				);
				MARKETING_VERSION = 1.0;
				PRODUCT_BUNDLE_IDENTIFIER = com.google.danielt1263.RxEarthquake;
				PRODUCT_NAME = "$(TARGET_NAME)";
				SWIFT_EMIT_LOC_STRINGS = YES;
				SWIFT_VERSION = 5.0;
				TARGETED_DEVICE_FAMILY = "1,2";
			};
			name = Release;
		};
/* End XCBuildConfiguration section */

/* Begin XCConfigurationList section */
		09062F4F2733764700F6E522 /* Build configuration list for PBXProject "RxEarthquake" */ = {
			isa = XCConfigurationList;
			buildConfigurations = (
				09062F662733764800F6E522 /* Debug */,
				09062F672733764800F6E522 /* Release */,
			);
			defaultConfigurationIsVisible = 0;
			defaultConfigurationName = Release;
		};
		09062F682733764800F6E522 /* Build configuration list for PBXNativeTarget "RxEarthquake" */ = {
			isa = XCConfigurationList;
			buildConfigurations = (
				09062F692733764800F6E522 /* Debug */,
				09062F6A2733764800F6E522 /* Release */,
			);
			defaultConfigurationIsVisible = 0;
			defaultConfigurationName = Release;
		};
/* End XCConfigurationList section */

/* Begin XCRemoteSwiftPackageReference section */
		09062F6B273376D700F6E522 /* XCRemoteSwiftPackageReference "CLE-Architecture-Tools" */ = {
			isa = XCRemoteSwiftPackageReference;
			repositoryURL = "https://github.com/danielt1263/CLE-Architecture-Tools";
			requirement = {
				branch = main;
				kind = branch;
			};
		};
/* End XCRemoteSwiftPackageReference section */

/* Begin XCSwiftPackageProductDependency section */
		09062F6C273376D700F6E522 /* Cause-Logic-Effect */ = {
			isa = XCSwiftPackageProductDependency;
			package = 09062F6B273376D700F6E522 /* XCRemoteSwiftPackageReference "CLE-Architecture-Tools" */;
			productName = "Cause-Logic-Effect";
		};
/* End XCSwiftPackageProductDependency section */
	};
	rootObject = 09062F4C2733764700F6E522 /* Project object */;
}
